dependencies:
- name: nginx
  repository: http://127.0.0.1:8879/charts
  version: 0.1.1
- name: nginx-unit-python
  repository: http://127.0.0.1:8879/charts
  version: 0.1.0
- name: node
  repository: http://127.0.0.1:8879/charts
  version: 0.1.1
digest: sha256:2249bd35747cd1beeef1e441566abcb8f6df2096557773c3dc1f26f7bbda11df
generated: 2019-04-12T07:39:35.192805739Z
