dependencies:
- name: nginx
  repository: https://easydoggie.github.io/helm-repo/releases
  version: 0.1.3
- name: nginx-unit
  repository: https://easydoggie.github.io/helm-repo/releases
  version: 0.1.1
- name: node
  repository: https://easydoggie.github.io/helm-repo/releases
  version: 0.1.3
- name: nginx-ingress
  repository: https://easydoggie.github.io/helm-repo/releases
  version: 0.1.0
- name: gitea
  repository: https://easydoggie.github.io/helm-repo/releases
  version: 0.1.0
digest: sha256:f652a593b2fb3171b4ca67b7f5eb644ce6d1aa1072279a83e341375e37b15fa5
generated: 2019-05-27T14:40:36.5877376+09:00
