dependencies:
- name: nginx
  repository: https://easydoggie.github.io/helm-repo/stable
  version: 0.1.3
- name: nginx-unit
  repository: https://easydoggie.github.io/helm-repo/stable
  version: 0.1.1
- name: node
  repository: https://easydoggie.github.io/helm-repo/stable
  version: 0.1.2
- name: nginx-ingress
  repository: https://easydoggie.github.io/helm-repo/stable
  version: 0.1.0
- name: gitea
  repository: https://easydoggie.github.io/helm-repo/stable
  version: 0.1.0
digest: sha256:b605610ef5a8fa262847c22406ece75e7155aae53302adff47a95105d95dc2bd
generated: 2019-05-24T14:12:14.9198449+09:00
