dependencies:
- name: nginx
  repository: https://sumomo-99.github.io/EasyDoggie/helm-repo/stable
  version: 0.1.1
- name: nginx-unit-python
  repository: https://sumomo-99.github.io/EasyDoggie/helm-repo/stable
  version: 0.1.0
- name: node
  repository: http://127.0.0.1:8879/charts
  version: 0.1.2
digest: sha256:1baa5973780493ab52ebdefe0afd5d851f005e273343c81d8d094d3c54ad4fba
generated: 2019-04-24T08:54:20.510796293Z
